
Microsoft Visual Studio Solution File, Format Version 12.00
# Visual Studio 14
VisualStudioVersion = 14.0.23107.0
MinimumVisualStudioVersion = 10.0.40219.1
Project("{FAE04EC0-301F-11D3-BF4B-00C04F79EFBC}") = "测试Halcon联合编程", "测试Halcon联合编程\测试Halcon联合编程.csproj", "{5DE6CA56-66D3-4B96-986D-FB2B88E2242A}"
EndProject
Project("{FAE04EC0-301F-11D3-BF4B-00C04F79EFBC}") = "测试多线程访问同一变量", "测试多线程访问同一变量用\测试多线程访问同一变量.csproj", "{5CADB6C6-CF65-43E7-9985-6E13EA853836}"
EndProject
Project("{FAE04EC0-301F-11D3-BF4B-00C04F79EFBC}") = "HalconImageWindow", "HalconImageWindow\HalconImageWindow.csproj", "{7C0472E1-09BF-4675-8BB1-DBB58F326103}"
EndProject
Project("{FAE04EC0-301F-11D3-BF4B-00C04F79EFBC}") = "测试Halcon图片控件", "测试Halcon图片控件\测试Halcon图片控件.csproj", "{99E38680-7C5F-4489-9392-229DEC6CBC40}"
EndProject
Project("{FAE04EC0-301F-11D3-BF4B-00C04F79EFBC}") = "测试多线程", "测试多线程\测试多线程.csproj", "{E6B22437-B029-438B-82EA-509CB7DFB641}"
EndProject
Project("{FAE04EC0-301F-11D3-BF4B-00C04F79EFBC}") = "调用文件夹下所有的dll", "调用文件夹下所有的dll\调用文件夹下所有的dll.csproj", "{C8BE129D-8465-4A4F-8E17-043FF25119B3}"
EndProject
Project("{FAE04EC0-301F-11D3-BF4B-00C04F79EFBC}") = "测试Halcon关于draw_region的函数", "测试Halcon关于draw_region的函数\测试Halcon关于draw_region的函数.csproj", "{78AD8310-D4D5-49E7-B336-9D68ABCD7B91}"
EndProject
Project("{FAE04EC0-301F-11D3-BF4B-00C04F79EFBC}") = "测试二进制转为字符串", "测试二进制转为字符串\测试二进制转为字符串.csproj", "{476A363B-AE53-462C-AFD5-A1DB140A0D4F}"
EndProject
Project("{FAE04EC0-301F-11D3-BF4B-00C04F79EFBC}") = "测试存储柜", "测试存储柜\测试存储柜.csproj", "{AC81BA34-9DF9-4CAE-A865-50960CE8ADAA}"
EndProject
Project("{FAE04EC0-301F-11D3-BF4B-00C04F79EFBC}") = "测试监控数值变化", "测试监控数值变化\测试监控数值变化.csproj", "{4CA34CF6-EDA4-4465-B5CD-C63D8132E0BC}"
EndProject
Project("{FAE04EC0-301F-11D3-BF4B-00C04F79EFBC}") = "测试序列化Object", "测试序列化Object\测试序列化Object.csproj", "{0C448F2A-8755-41E7-A34E-DEF88BDE40FD}"
EndProject
Global
	GlobalSection(SolutionConfigurationPlatforms) = preSolution
		Debug|Any CPU = Debug|Any CPU
		Release|Any CPU = Release|Any CPU
	EndGlobalSection
	GlobalSection(ProjectConfigurationPlatforms) = postSolution
		{5DE6CA56-66D3-4B96-986D-FB2B88E2242A}.Debug|Any CPU.ActiveCfg = Debug|Any CPU
		{5DE6CA56-66D3-4B96-986D-FB2B88E2242A}.Debug|Any CPU.Build.0 = Debug|Any CPU
		{5DE6CA56-66D3-4B96-986D-FB2B88E2242A}.Release|Any CPU.ActiveCfg = Release|Any CPU
		{5DE6CA56-66D3-4B96-986D-FB2B88E2242A}.Release|Any CPU.Build.0 = Release|Any CPU
		{5CADB6C6-CF65-43E7-9985-6E13EA853836}.Debug|Any CPU.ActiveCfg = Debug|Any CPU
		{5CADB6C6-CF65-43E7-9985-6E13EA853836}.Debug|Any CPU.Build.0 = Debug|Any CPU
		{5CADB6C6-CF65-43E7-9985-6E13EA853836}.Release|Any CPU.ActiveCfg = Release|Any CPU
		{5CADB6C6-CF65-43E7-9985-6E13EA853836}.Release|Any CPU.Build.0 = Release|Any CPU
		{7C0472E1-09BF-4675-8BB1-DBB58F326103}.Debug|Any CPU.ActiveCfg = Debug|Any CPU
		{7C0472E1-09BF-4675-8BB1-DBB58F326103}.Debug|Any CPU.Build.0 = Debug|Any CPU
		{7C0472E1-09BF-4675-8BB1-DBB58F326103}.Release|Any CPU.ActiveCfg = Release|Any CPU
		{7C0472E1-09BF-4675-8BB1-DBB58F326103}.Release|Any CPU.Build.0 = Release|Any CPU
		{99E38680-7C5F-4489-9392-229DEC6CBC40}.Debug|Any CPU.ActiveCfg = Debug|Any CPU
		{99E38680-7C5F-4489-9392-229DEC6CBC40}.Debug|Any CPU.Build.0 = Debug|Any CPU
		{99E38680-7C5F-4489-9392-229DEC6CBC40}.Release|Any CPU.ActiveCfg = Release|Any CPU
		{99E38680-7C5F-4489-9392-229DEC6CBC40}.Release|Any CPU.Build.0 = Release|Any CPU
		{E6B22437-B029-438B-82EA-509CB7DFB641}.Debug|Any CPU.ActiveCfg = Debug|Any CPU
		{E6B22437-B029-438B-82EA-509CB7DFB641}.Debug|Any CPU.Build.0 = Debug|Any CPU
		{E6B22437-B029-438B-82EA-509CB7DFB641}.Release|Any CPU.ActiveCfg = Release|Any CPU
		{E6B22437-B029-438B-82EA-509CB7DFB641}.Release|Any CPU.Build.0 = Release|Any CPU
		{C8BE129D-8465-4A4F-8E17-043FF25119B3}.Debug|Any CPU.ActiveCfg = Debug|Any CPU
		{C8BE129D-8465-4A4F-8E17-043FF25119B3}.Debug|Any CPU.Build.0 = Debug|Any CPU
		{C8BE129D-8465-4A4F-8E17-043FF25119B3}.Release|Any CPU.ActiveCfg = Release|Any CPU
		{C8BE129D-8465-4A4F-8E17-043FF25119B3}.Release|Any CPU.Build.0 = Release|Any CPU
		{78AD8310-D4D5-49E7-B336-9D68ABCD7B91}.Debug|Any CPU.ActiveCfg = Debug|Any CPU
		{78AD8310-D4D5-49E7-B336-9D68ABCD7B91}.Debug|Any CPU.Build.0 = Debug|Any CPU
		{78AD8310-D4D5-49E7-B336-9D68ABCD7B91}.Release|Any CPU.ActiveCfg = Release|Any CPU
		{78AD8310-D4D5-49E7-B336-9D68ABCD7B91}.Release|Any CPU.Build.0 = Release|Any CPU
		{476A363B-AE53-462C-AFD5-A1DB140A0D4F}.Debug|Any CPU.ActiveCfg = Debug|Any CPU
		{476A363B-AE53-462C-AFD5-A1DB140A0D4F}.Debug|Any CPU.Build.0 = Debug|Any CPU
		{476A363B-AE53-462C-AFD5-A1DB140A0D4F}.Release|Any CPU.ActiveCfg = Release|Any CPU
		{476A363B-AE53-462C-AFD5-A1DB140A0D4F}.Release|Any CPU.Build.0 = Release|Any CPU
		{AC81BA34-9DF9-4CAE-A865-50960CE8ADAA}.Debug|Any CPU.ActiveCfg = Debug|Any CPU
		{AC81BA34-9DF9-4CAE-A865-50960CE8ADAA}.Debug|Any CPU.Build.0 = Debug|Any CPU
		{AC81BA34-9DF9-4CAE-A865-50960CE8ADAA}.Release|Any CPU.ActiveCfg = Release|Any CPU
		{AC81BA34-9DF9-4CAE-A865-50960CE8ADAA}.Release|Any CPU.Build.0 = Release|Any CPU
		{4CA34CF6-EDA4-4465-B5CD-C63D8132E0BC}.Debug|Any CPU.ActiveCfg = Debug|Any CPU
		{4CA34CF6-EDA4-4465-B5CD-C63D8132E0BC}.Debug|Any CPU.Build.0 = Debug|Any CPU
		{4CA34CF6-EDA4-4465-B5CD-C63D8132E0BC}.Release|Any CPU.ActiveCfg = Release|Any CPU
		{4CA34CF6-EDA4-4465-B5CD-C63D8132E0BC}.Release|Any CPU.Build.0 = Release|Any CPU
		{0C448F2A-8755-41E7-A34E-DEF88BDE40FD}.Debug|Any CPU.ActiveCfg = Debug|Any CPU
		{0C448F2A-8755-41E7-A34E-DEF88BDE40FD}.Debug|Any CPU.Build.0 = Debug|Any CPU
		{0C448F2A-8755-41E7-A34E-DEF88BDE40FD}.Release|Any CPU.ActiveCfg = Release|Any CPU
		{0C448F2A-8755-41E7-A34E-DEF88BDE40FD}.Release|Any CPU.Build.0 = Release|Any CPU
	EndGlobalSection
	GlobalSection(SolutionProperties) = preSolution
		HideSolutionNode = FALSE
	EndGlobalSection
EndGlobal
